
Microsoft Visual Studio Solution File, Format Version 12.00
# Visual Studio Version 17
VisualStudioVersion = 17.6.33723.286
MinimumVisualStudioVersion = 10.0.40219.1
Project("{9A19103F-16F7-4668-BE54-9A1E7A4F7556}") = "WebsupplyHHemo.API", "WebsupplyHHemo.API\WebsupplyHHemo.API.csproj", "{D19E935F-3897-4073-8566-4FDC4FF533CA}"
EndProject
Project("{9A19103F-16F7-4668-BE54-9A1E7A4F7556}") = "WebsupplyHHemo.Teste", "WebsupplyHHemo.Teste\WebsupplyHHemo.Teste.csproj", "{749861F2-5064-4AC5-95EF-CAF7C93E7037}"
EndProject
Project("{FAE04EC0-301F-11D3-BF4B-00C04F79EFBC}") = "WebsupplyHHemo.Interface", "WebsupplyHHemo.Interface\WebsupplyHHemo.Interface.csproj", "{01DD9813-521D-4C00-A8E8-DCEE2E1D4CD0}"
EndProject
Project("{9A19103F-16F7-4668-BE54-9A1E7A4F7556}") = "WebsupplyHHemo.InterfaceNew", "WebsupplyHHemo.InterfaceNew\WebsupplyHHemo.InterfaceNew.csproj", "{D6758BFE-3CBB-405C-9446-B0178C853C6B}"
EndProject
Global
	GlobalSection(SolutionConfigurationPlatforms) = preSolution
		Debug|Any CPU = Debug|Any CPU
		Release|Any CPU = Release|Any CPU
	EndGlobalSection
	GlobalSection(ProjectConfigurationPlatforms) = postSolution
		{D19E935F-3897-4073-8566-4FDC4FF533CA}.Debug|Any CPU.ActiveCfg = Debug|Any CPU
		{D19E935F-3897-4073-8566-4FDC4FF533CA}.Debug|Any CPU.Build.0 = Debug|Any CPU
		{D19E935F-3897-4073-8566-4FDC4FF533CA}.Release|Any CPU.ActiveCfg = Release|Any CPU
		{D19E935F-3897-4073-8566-4FDC4FF533CA}.Release|Any CPU.Build.0 = Release|Any CPU
		{749861F2-5064-4AC5-95EF-CAF7C93E7037}.Debug|Any CPU.ActiveCfg = Debug|Any CPU
		{749861F2-5064-4AC5-95EF-CAF7C93E7037}.Debug|Any CPU.Build.0 = Debug|Any CPU
		{749861F2-5064-4AC5-95EF-CAF7C93E7037}.Release|Any CPU.ActiveCfg = Release|Any CPU
		{749861F2-5064-4AC5-95EF-CAF7C93E7037}.Release|Any CPU.Build.0 = Release|Any CPU
		{01DD9813-521D-4C00-A8E8-DCEE2E1D4CD0}.Debug|Any CPU.ActiveCfg = Debug|Any CPU
		{01DD9813-521D-4C00-A8E8-DCEE2E1D4CD0}.Debug|Any CPU.Build.0 = Debug|Any CPU
		{01DD9813-521D-4C00-A8E8-DCEE2E1D4CD0}.Release|Any CPU.ActiveCfg = Release|Any CPU
		{01DD9813-521D-4C00-A8E8-DCEE2E1D4CD0}.Release|Any CPU.Build.0 = Release|Any CPU
		{D6758BFE-3CBB-405C-9446-B0178C853C6B}.Debug|Any CPU.ActiveCfg = Debug|Any CPU
		{D6758BFE-3CBB-405C-9446-B0178C853C6B}.Debug|Any CPU.Build.0 = Debug|Any CPU
		{D6758BFE-3CBB-405C-9446-B0178C853C6B}.Release|Any CPU.ActiveCfg = Release|Any CPU
		{D6758BFE-3CBB-405C-9446-B0178C853C6B}.Release|Any CPU.Build.0 = Release|Any CPU
	EndGlobalSection
	GlobalSection(SolutionProperties) = preSolution
		HideSolutionNode = FALSE
	EndGlobalSection
	GlobalSection(ExtensibilityGlobals) = postSolution
		SolutionGuid = {D78AEA6B-D821-4C1D-9723-F6D2D578F191}
	EndGlobalSection
EndGlobal
